{
    "_readme": [
        "This file locks the dependencies of your project to a known state",
        "Read more about it at https://getcomposer.org/doc/01-basic-usage.md#installing-dependencies",
        "This file is @generated automatically"
    ],
    "content-hash": "9cbb197d09dfd15afa244f40000beeae",
    "packages": [
        {
            "name": "league/event",
            "version": "2.2.0",
            "source": {
                "type": "git",
                "url": "https://github.com/thephpleague/event.git",
                "reference": "d2cc124cf9a3fab2bb4ff963307f60361ce4d119"
            },
            "dist": {
                "type": "zip",
                "url": "https://api.github.com/repos/thephpleague/event/zipball/d2cc124cf9a3fab2bb4ff963307f60361ce4d119",
                "reference": "d2cc124cf9a3fab2bb4ff963307f60361ce4d119",
                "shasum": ""
            },
            "require": {
                "php": ">=5.4.0"
            },
            "require-dev": {
                "henrikbjorn/phpspec-code-coverage": "~1.0.1",
                "phpspec/phpspec": "^2.2"
            },
            "type": "library",
            "extra": {
                "branch-alias": {
                    "dev-master": "2.2-dev"
                }
            },
            "autoload": {
                "psr-4": {
                    "League\\Event\\": "src/"
                }
            },
            "notification-url": "https://packagist.org/downloads/",
            "license": [
                "MIT"
            ],
            "authors": [
                {
                    "name": "Frank de Jonge",
                    "email": "info@frenky.net"
                }
            ],
            "description": "Event package",
            "keywords": [
                "emitter",
                "event",
                "listener"
            ],
            "time": "2018-11-26T11:52:41+00:00"
        }
    ],
    "packages-dev": [],
    "aliases": [],
    "minimum-stability": "stable",
    "stability-flags": [],
    "prefer-stable": false,
    "prefer-lowest": false,
    "platform": {
        "php": ">=5.4.0"
    },
    "platform-dev": []
}
